
Microsoft Visual Studio Solution File, Format Version 12.00
# Visual Studio Version 16
VisualStudioVersion = 16.0.32228.343
MinimumVisualStudioVersion = 10.0.40219.1
Project("{FAE04EC0-301F-11D3-BF4B-00C04F79EFBC}") = "CalculatorSalarii", "CalculatorSalarii\CalculatorSalarii.csproj", "{779C370E-E13E-49A4-A10E-5E16E24F422D}"
EndProject
Global
	GlobalSection(SolutionConfigurationPlatforms) = preSolution
		Debug|Any CPU = Debug|Any CPU
		Release|Any CPU = Release|Any CPU
	EndGlobalSection
	GlobalSection(ProjectConfigurationPlatforms) = postSolution
		{779C370E-E13E-49A4-A10E-5E16E24F422D}.Debug|Any CPU.ActiveCfg = Debug|Any CPU
		{779C370E-E13E-49A4-A10E-5E16E24F422D}.Debug|Any CPU.Build.0 = Debug|Any CPU
		{779C370E-E13E-49A4-A10E-5E16E24F422D}.Release|Any CPU.ActiveCfg = Release|Any CPU
		{779C370E-E13E-49A4-A10E-5E16E24F422D}.Release|Any CPU.Build.0 = Release|Any CPU
	EndGlobalSection
	GlobalSection(SolutionProperties) = preSolution
		HideSolutionNode = FALSE
	EndGlobalSection
	GlobalSection(ExtensibilityGlobals) = postSolution
		SolutionGuid = {45AE3044-6FD1-4052-A5E5-1CD99ADF76FD}
	EndGlobalSection
EndGlobal
